// !$*UTF8*$!
{
	archiveVersion = 1;
	classes = {
	};
	objectVersion = 56;
	objects = {

/* Begin PBXBuildFile section */
		1B01201229D351BE00281A15 /* EditingScreenView.swift in Sources */ = {isa = PBXBuildFile; fileRef = 1B01201129D351BE00281A15 /* EditingScreenView.swift */; };
		1B01201529D3525900281A15 /* NSBezierPath+Extension.swift in Sources */ = {isa = PBXBuildFile; fileRef = 1B01201429D3525900281A15 /* NSBezierPath+Extension.swift */; };
		1B01201729D3556A00281A15 /* CellModel.swift in Sources */ = {isa = PBXBuildFile; fileRef = 1B01201629D3556A00281A15 /* CellModel.swift */; };
		1B01201A29D35DD700281A15 /* PoligonCell.swift in Sources */ = {isa = PBXBuildFile; fileRef = 1B01201829D35DD700281A15 /* PoligonCell.swift */; };
		1B01201B29D35DD700281A15 /* PoligonCell.xib in Resources */ = {isa = PBXBuildFile; fileRef = 1B01201929D35DD700281A15 /* PoligonCell.xib */; };
		1B4A78F629AFEDF200F4BA72 /* StartScreenViewController.swift in Sources */ = {isa = PBXBuildFile; fileRef = 1B4A78F529AFEDF200F4BA72 /* StartScreenViewController.swift */; };
		1B4A793E29B3E2AD00F4BA72 /* EditingScreenViewController.swift in Sources */ = {isa = PBXBuildFile; fileRef = 1B4A793D29B3E2AD00F4BA72 /* EditingScreenViewController.swift */; };
		1B4CD9482A13CEE0006CCFE5 /* ShipsBuilder.swift in Sources */ = {isa = PBXBuildFile; fileRef = 1B4CD9472A13CEE0006CCFE5 /* ShipsBuilder.swift */; };
		1B4CD94A2A13F8DB006CCFE5 /* IndexPath+Extension.swift in Sources */ = {isa = PBXBuildFile; fileRef = 1B4CD9492A13F8DB006CCFE5 /* IndexPath+Extension.swift */; };
		1B4CD94C2A151ED4006CCFE5 /* Array+Extension.swift in Sources */ = {isa = PBXBuildFile; fileRef = 1B4CD94B2A151ED4006CCFE5 /* Array+Extension.swift */; };
		1B4CD94E2A151EF7006CCFE5 /* BoardGenerator.swift in Sources */ = {isa = PBXBuildFile; fileRef = 1B4CD94D2A151EF7006CCFE5 /* BoardGenerator.swift */; };
		1BFAEE202A154E1F007A35D6 /* Assets.xcassets in Resources */ = {isa = PBXBuildFile; fileRef = 1BFAEE1C2A154E1F007A35D6 /* Assets.xcassets */; };
		1BFAEE212A154E1F007A35D6 /* Main.storyboard in Resources */ = {isa = PBXBuildFile; fileRef = 1BFAEE1D2A154E1F007A35D6 /* Main.storyboard */; };
		1BFAEE222A154E1F007A35D6 /* AppDelegate.swift in Sources */ = {isa = PBXBuildFile; fileRef = 1BFAEE1F2A154E1F007A35D6 /* AppDelegate.swift */; };
		1BFAEE262A15572A007A35D6 /* NSColor+Extension.swift in Sources */ = {isa = PBXBuildFile; fileRef = 1BFAEE252A15572A007A35D6 /* NSColor+Extension.swift */; };
		1BFAEE292A155EAC007A35D6 /* GameProcessScreenViewController.swift in Sources */ = {isa = PBXBuildFile; fileRef = 1BFAEE272A155EAC007A35D6 /* GameProcessScreenViewController.swift */; };
		1BFAEE2C2A155FA1007A35D6 /* GameProcessScreenView.swift in Sources */ = {isa = PBXBuildFile; fileRef = 1BFAEE2B2A155FA1007A35D6 /* GameProcessScreenView.swift */; };
		1BFAEE2E2A1789BD007A35D6 /* Optional+Extension.swift in Sources */ = {isa = PBXBuildFile; fileRef = 1BFAEE2D2A1789BD007A35D6 /* Optional+Extension.swift */; };
		1BFAEE302A17C800007A35D6 /* ShipModel.swift in Sources */ = {isa = PBXBuildFile; fileRef = 1BFAEE2F2A17C800007A35D6 /* ShipModel.swift */; };
		1BFAEE322A1A8133007A35D6 /* SafeZoneBuilder.swift in Sources */ = {isa = PBXBuildFile; fileRef = 1BFAEE312A1A8133007A35D6 /* SafeZoneBuilder.swift */; };
/* End PBXBuildFile section */

/* Begin PBXFileReference section */
		1B01201129D351BE00281A15 /* EditingScreenView.swift */ = {isa = PBXFileReference; lastKnownFileType = sourcecode.swift; path = EditingScreenView.swift; sourceTree = "<group>"; };
		1B01201429D3525900281A15 /* NSBezierPath+Extension.swift */ = {isa = PBXFileReference; lastKnownFileType = sourcecode.swift; path = "NSBezierPath+Extension.swift"; sourceTree = "<group>"; };
		1B01201629D3556A00281A15 /* CellModel.swift */ = {isa = PBXFileReference; lastKnownFileType = sourcecode.swift; path = CellModel.swift; sourceTree = "<group>"; };
		1B01201829D35DD700281A15 /* PoligonCell.swift */ = {isa = PBXFileReference; lastKnownFileType = sourcecode.swift; path = PoligonCell.swift; sourceTree = "<group>"; };
		1B01201929D35DD700281A15 /* PoligonCell.xib */ = {isa = PBXFileReference; lastKnownFileType = file.xib; path = PoligonCell.xib; sourceTree = "<group>"; };
		1B4A78F029AFEDF200F4BA72 /* Seaships Battle.app */ = {isa = PBXFileReference; explicitFileType = wrapper.application; includeInIndex = 0; path = "Seaships Battle.app"; sourceTree = BUILT_PRODUCTS_DIR; };
		1B4A78F529AFEDF200F4BA72 /* StartScreenViewController.swift */ = {isa = PBXFileReference; lastKnownFileType = sourcecode.swift; path = StartScreenViewController.swift; sourceTree = "<group>"; };
		1B4A793D29B3E2AD00F4BA72 /* EditingScreenViewController.swift */ = {isa = PBXFileReference; lastKnownFileType = sourcecode.swift; path = EditingScreenViewController.swift; sourceTree = "<group>"; };
		1B4CD9472A13CEE0006CCFE5 /* ShipsBuilder.swift */ = {isa = PBXFileReference; lastKnownFileType = sourcecode.swift; path = ShipsBuilder.swift; sourceTree = "<group>"; };
		1B4CD9492A13F8DB006CCFE5 /* IndexPath+Extension.swift */ = {isa = PBXFileReference; lastKnownFileType = sourcecode.swift; path = "IndexPath+Extension.swift"; sourceTree = "<group>"; };
		1B4CD94B2A151ED4006CCFE5 /* Array+Extension.swift */ = {isa = PBXFileReference; lastKnownFileType = sourcecode.swift; path = "Array+Extension.swift"; sourceTree = "<group>"; };
		1B4CD94D2A151EF7006CCFE5 /* BoardGenerator.swift */ = {isa = PBXFileReference; lastKnownFileType = sourcecode.swift; path = BoardGenerator.swift; sourceTree = "<group>"; };
		1BFAEE1B2A154E1F007A35D6 /* Seaships_Battle.entitlements */ = {isa = PBXFileReference; fileEncoding = 4; lastKnownFileType = text.plist.entitlements; path = Seaships_Battle.entitlements; sourceTree = "<group>"; };
		1BFAEE1C2A154E1F007A35D6 /* Assets.xcassets */ = {isa = PBXFileReference; lastKnownFileType = folder.assetcatalog; path = Assets.xcassets; sourceTree = "<group>"; };
		1BFAEE1E2A154E1F007A35D6 /* Base */ = {isa = PBXFileReference; lastKnownFileType = file.storyboard; name = Base; path = Base.lproj/Main.storyboard; sourceTree = "<group>"; };
		1BFAEE1F2A154E1F007A35D6 /* AppDelegate.swift */ = {isa = PBXFileReference; fileEncoding = 4; lastKnownFileType = sourcecode.swift; path = AppDelegate.swift; sourceTree = "<group>"; };
		1BFAEE252A15572A007A35D6 /* NSColor+Extension.swift */ = {isa = PBXFileReference; lastKnownFileType = sourcecode.swift; path = "NSColor+Extension.swift"; sourceTree = "<group>"; };
		1BFAEE272A155EAC007A35D6 /* GameProcessScreenViewController.swift */ = {isa = PBXFileReference; lastKnownFileType = sourcecode.swift; path = GameProcessScreenViewController.swift; sourceTree = "<group>"; };
		1BFAEE2B2A155FA1007A35D6 /* GameProcessScreenView.swift */ = {isa = PBXFileReference; lastKnownFileType = sourcecode.swift; path = GameProcessScreenView.swift; sourceTree = "<group>"; };
		1BFAEE2D2A1789BD007A35D6 /* Optional+Extension.swift */ = {isa = PBXFileReference; lastKnownFileType = sourcecode.swift; path = "Optional+Extension.swift"; sourceTree = "<group>"; };
		1BFAEE2F2A17C800007A35D6 /* ShipModel.swift */ = {isa = PBXFileReference; lastKnownFileType = sourcecode.swift; path = ShipModel.swift; sourceTree = "<group>"; };
		1BFAEE312A1A8133007A35D6 /* SafeZoneBuilder.swift */ = {isa = PBXFileReference; lastKnownFileType = sourcecode.swift; path = SafeZoneBuilder.swift; sourceTree = "<group>"; };
/* End PBXFileReference section */

/* Begin PBXFrameworksBuildPhase section */
		1B4A78ED29AFEDF200F4BA72 /* Frameworks */ = {
			isa = PBXFrameworksBuildPhase;
			buildActionMask = 2147483647;
			files = (
			);
			runOnlyForDeploymentPostprocessing = 0;
		};
/* End PBXFrameworksBuildPhase section */

/* Begin PBXGroup section */
		1B01200F29D3511900281A15 /* EditingScreenViewController */ = {
			isa = PBXGroup;
			children = (
				1B4A793D29B3E2AD00F4BA72 /* EditingScreenViewController.swift */,
				1BFAEE312A1A8133007A35D6 /* SafeZoneBuilder.swift */,
				1B01201129D351BE00281A15 /* EditingScreenView.swift */,
				1B4CD94D2A151EF7006CCFE5 /* BoardGenerator.swift */,
				1B4CD9472A13CEE0006CCFE5 /* ShipsBuilder.swift */,
				1BFAEE2F2A17C800007A35D6 /* ShipModel.swift */,
				1B01201629D3556A00281A15 /* CellModel.swift */,
				1B01201829D35DD700281A15 /* PoligonCell.swift */,
				1B01201929D35DD700281A15 /* PoligonCell.xib */,
			);
			path = EditingScreenViewController;
			sourceTree = "<group>";
		};
		1B01201029D3517000281A15 /* StartScreenViewController */ = {
			isa = PBXGroup;
			children = (
				1B4A78F529AFEDF200F4BA72 /* StartScreenViewController.swift */,
			);
			path = StartScreenViewController;
			sourceTree = "<group>";
		};
		1B01201329D3521900281A15 /* Libs */ = {
			isa = PBXGroup;
			children = (
				1B01201429D3525900281A15 /* NSBezierPath+Extension.swift */,
				1BFAEE252A15572A007A35D6 /* NSColor+Extension.swift */,
				1BFAEE2D2A1789BD007A35D6 /* Optional+Extension.swift */,
				1B4CD94B2A151ED4006CCFE5 /* Array+Extension.swift */,
				1B4CD9492A13F8DB006CCFE5 /* IndexPath+Extension.swift */,
			);
			path = Libs;
			sourceTree = "<group>";
		};
		1B4A78E729AFEDF200F4BA72 = {
			isa = PBXGroup;
			children = (
				1B01201329D3521900281A15 /* Libs */,
				1B01201029D3517000281A15 /* StartScreenViewController */,
				1B01200F29D3511900281A15 /* EditingScreenViewController */,
				1B4CD9502A154CC3006CCFE5 /* GameProcessScreenViewController */,
				1BFAEE1A2A154E1F007A35D6 /* Seaships Battle */,
				1B4A78F129AFEDF200F4BA72 /* Products */,
			);
			sourceTree = "<group>";
		};
		1B4A78F129AFEDF200F4BA72 /* Products */ = {
			isa = PBXGroup;
			children = (
				1B4A78F029AFEDF200F4BA72 /* Seaships Battle.app */,
			);
			name = Products;
			sourceTree = "<group>";
		};
		1B4CD9502A154CC3006CCFE5 /* GameProcessScreenViewController */ = {
			isa = PBXGroup;
			children = (
				1BFAEE272A155EAC007A35D6 /* GameProcessScreenViewController.swift */,
				1BFAEE2B2A155FA1007A35D6 /* GameProcessScreenView.swift */,
			);
			path = GameProcessScreenViewController;
			sourceTree = "<group>";
		};
		1BFAEE1A2A154E1F007A35D6 /* Seaships Battle */ = {
			isa = PBXGroup;
			children = (
				1BFAEE1B2A154E1F007A35D6 /* Seaships_Battle.entitlements */,
				1BFAEE1C2A154E1F007A35D6 /* Assets.xcassets */,
				1BFAEE1D2A154E1F007A35D6 /* Main.storyboard */,
				1BFAEE1F2A154E1F007A35D6 /* AppDelegate.swift */,
			);
			path = "Seaships Battle";
			sourceTree = "<group>";
		};
/* End PBXGroup section */

/* Begin PBXNativeTarget section */
		1B4A78EF29AFEDF200F4BA72 /* Seaships Battle */ = {
			isa = PBXNativeTarget;
			buildConfigurationList = 1B4A78FF29AFEDF400F4BA72 /* Build configuration list for PBXNativeTarget "Seaships Battle" */;
			buildPhases = (
				1B4A78EC29AFEDF200F4BA72 /* Sources */,
				1B4A78ED29AFEDF200F4BA72 /* Frameworks */,
				1B4A78EE29AFEDF200F4BA72 /* Resources */,
			);
			buildRules = (
			);
			dependencies = (
			);
			name = "Seaships Battle";
			productName = "Seaships Battle";
			productReference = 1B4A78F029AFEDF200F4BA72 /* Seaships Battle.app */;
			productType = "com.apple.product-type.application";
		};
/* End PBXNativeTarget section */

/* Begin PBXProject section */
		1B4A78E829AFEDF200F4BA72 /* Project object */ = {
			isa = PBXProject;
			attributes = {
				BuildIndependentTargetsInParallel = 1;
				LastSwiftUpdateCheck = 1410;
				LastUpgradeCheck = 1410;
				TargetAttributes = {
					1B4A78EF29AFEDF200F4BA72 = {
						CreatedOnToolsVersion = 14.1;
					};
				};
			};
			buildConfigurationList = 1B4A78EB29AFEDF200F4BA72 /* Build configuration list for PBXProject "Seaships Battle" */;
			compatibilityVersion = "Xcode 14.0";
			developmentRegion = en;
			hasScannedForEncodings = 0;
			knownRegions = (
				en,
				Base,
			);
			mainGroup = 1B4A78E729AFEDF200F4BA72;
			productRefGroup = 1B4A78F129AFEDF200F4BA72 /* Products */;
			projectDirPath = "";
			projectRoot = "";
			targets = (
				1B4A78EF29AFEDF200F4BA72 /* Seaships Battle */,
			);
		};
/* End PBXProject section */

/* Begin PBXResourcesBuildPhase section */
		1B4A78EE29AFEDF200F4BA72 /* Resources */ = {
			isa = PBXResourcesBuildPhase;
			buildActionMask = 2147483647;
			files = (
				1BFAEE212A154E1F007A35D6 /* Main.storyboard in Resources */,
				1BFAEE202A154E1F007A35D6 /* Assets.xcassets in Resources */,
				1B01201B29D35DD700281A15 /* PoligonCell.xib in Resources */,
			);
			runOnlyForDeploymentPostprocessing = 0;
		};
/* End PBXResourcesBuildPhase section */

/* Begin PBXSourcesBuildPhase section */
		1B4A78EC29AFEDF200F4BA72 /* Sources */ = {
			isa = PBXSourcesBuildPhase;
			buildActionMask = 2147483647;
			files = (
				1BFAEE2C2A155FA1007A35D6 /* GameProcessScreenView.swift in Sources */,
				1BFAEE222A154E1F007A35D6 /* AppDelegate.swift in Sources */,
				1B01201A29D35DD700281A15 /* PoligonCell.swift in Sources */,
				1BFAEE292A155EAC007A35D6 /* GameProcessScreenViewController.swift in Sources */,
				1BFAEE262A15572A007A35D6 /* NSColor+Extension.swift in Sources */,
				1B4CD94C2A151ED4006CCFE5 /* Array+Extension.swift in Sources */,
				1B4A78F629AFEDF200F4BA72 /* StartScreenViewController.swift in Sources */,
				1BFAEE2E2A1789BD007A35D6 /* Optional+Extension.swift in Sources */,
				1B4CD94A2A13F8DB006CCFE5 /* IndexPath+Extension.swift in Sources */,
				1B01201529D3525900281A15 /* NSBezierPath+Extension.swift in Sources */,
				1B4CD9482A13CEE0006CCFE5 /* ShipsBuilder.swift in Sources */,
				1B01201229D351BE00281A15 /* EditingScreenView.swift in Sources */,
				1B4CD94E2A151EF7006CCFE5 /* BoardGenerator.swift in Sources */,
				1BFAEE322A1A8133007A35D6 /* SafeZoneBuilder.swift in Sources */,
				1B4A793E29B3E2AD00F4BA72 /* EditingScreenViewController.swift in Sources */,
				1B01201729D3556A00281A15 /* CellModel.swift in Sources */,
				1BFAEE302A17C800007A35D6 /* ShipModel.swift in Sources */,
			);
			runOnlyForDeploymentPostprocessing = 0;
		};
/* End PBXSourcesBuildPhase section */

/* Begin PBXVariantGroup section */
		1BFAEE1D2A154E1F007A35D6 /* Main.storyboard */ = {
			isa = PBXVariantGroup;
			children = (
				1BFAEE1E2A154E1F007A35D6 /* Base */,
			);
			name = Main.storyboard;
			sourceTree = "<group>";
		};
/* End PBXVariantGroup section */

/* Begin XCBuildConfiguration section */
		1B4A78FD29AFEDF400F4BA72 /* Debug */ = {
			isa = XCBuildConfiguration;
			buildSettings = {
				ALWAYS_SEARCH_USER_PATHS = NO;
				CLANG_ANALYZER_NONNULL = YES;
				CLANG_ANALYZER_NUMBER_OBJECT_CONVERSION = YES_AGGRESSIVE;
				CLANG_CXX_LANGUAGE_STANDARD = "gnu++20";
				CLANG_ENABLE_MODULES = YES;
				CLANG_ENABLE_OBJC_ARC = YES;
				CLANG_ENABLE_OBJC_WEAK = YES;
				CLANG_WARN_BLOCK_CAPTURE_AUTORELEASING = YES;
				CLANG_WARN_BOOL_CONVERSION = YES;
				CLANG_WARN_COMMA = YES;
				CLANG_WARN_CONSTANT_CONVERSION = YES;
				CLANG_WARN_DEPRECATED_OBJC_IMPLEMENTATIONS = YES;
				CLANG_WARN_DIRECT_OBJC_ISA_USAGE = YES_ERROR;
				CLANG_WARN_DOCUMENTATION_COMMENTS = YES;
				CLANG_WARN_EMPTY_BODY = YES;
				CLANG_WARN_ENUM_CONVERSION = YES;
				CLANG_WARN_INFINITE_RECURSION = YES;
				CLANG_WARN_INT_CONVERSION = YES;
				CLANG_WARN_NON_LITERAL_NULL_CONVERSION = YES;
				CLANG_WARN_OBJC_IMPLICIT_RETAIN_SELF = YES;
				CLANG_WARN_OBJC_LITERAL_CONVERSION = YES;
				CLANG_WARN_OBJC_ROOT_CLASS = YES_ERROR;
				CLANG_WARN_QUOTED_INCLUDE_IN_FRAMEWORK_HEADER = YES;
				CLANG_WARN_RANGE_LOOP_ANALYSIS = YES;
				CLANG_WARN_STRICT_PROTOTYPES = YES;
				CLANG_WARN_SUSPICIOUS_MOVE = YES;
				CLANG_WARN_UNGUARDED_AVAILABILITY = YES_AGGRESSIVE;
				CLANG_WARN_UNREACHABLE_CODE = YES;
				CLANG_WARN__DUPLICATE_METHOD_MATCH = YES;
				COPY_PHASE_STRIP = NO;
				DEBUG_INFORMATION_FORMAT = dwarf;
				ENABLE_STRICT_OBJC_MSGSEND = YES;
				ENABLE_TESTABILITY = YES;
				GCC_C_LANGUAGE_STANDARD = gnu11;
				GCC_DYNAMIC_NO_PIC = NO;
				GCC_NO_COMMON_BLOCKS = YES;
				GCC_OPTIMIZATION_LEVEL = 0;
				GCC_PREPROCESSOR_DEFINITIONS = (
					"DEBUG=1",
					"$(inherited)",
				);
				GCC_WARN_64_TO_32_BIT_CONVERSION = YES;
				GCC_WARN_ABOUT_RETURN_TYPE = YES_ERROR;
				GCC_WARN_UNDECLARED_SELECTOR = YES;
				GCC_WARN_UNINITIALIZED_AUTOS = YES_AGGRESSIVE;
				GCC_WARN_UNUSED_FUNCTION = YES;
				GCC_WARN_UNUSED_VARIABLE = YES;
				MACOSX_DEPLOYMENT_TARGET = 12.6;
				MTL_ENABLE_DEBUG_INFO = INCLUDE_SOURCE;
				MTL_FAST_MATH = YES;
				ONLY_ACTIVE_ARCH = YES;
				SDKROOT = macosx;
				SWIFT_ACTIVE_COMPILATION_CONDITIONS = DEBUG;
				SWIFT_OPTIMIZATION_LEVEL = "-Onone";
			};
			name = Debug;
		};
		1B4A78FE29AFEDF400F4BA72 /* Release */ = {
			isa = XCBuildConfiguration;
			buildSettings = {
				ALWAYS_SEARCH_USER_PATHS = NO;
				CLANG_ANALYZER_NONNULL = YES;
				CLANG_ANALYZER_NUMBER_OBJECT_CONVERSION = YES_AGGRESSIVE;
				CLANG_CXX_LANGUAGE_STANDARD = "gnu++20";
				CLANG_ENABLE_MODULES = YES;
				CLANG_ENABLE_OBJC_ARC = YES;
				CLANG_ENABLE_OBJC_WEAK = YES;
				CLANG_WARN_BLOCK_CAPTURE_AUTORELEASING = YES;
				CLANG_WARN_BOOL_CONVERSION = YES;
				CLANG_WARN_COMMA = YES;
				CLANG_WARN_CONSTANT_CONVERSION = YES;
				CLANG_WARN_DEPRECATED_OBJC_IMPLEMENTATIONS = YES;
				CLANG_WARN_DIRECT_OBJC_ISA_USAGE = YES_ERROR;
				CLANG_WARN_DOCUMENTATION_COMMENTS = YES;
				CLANG_WARN_EMPTY_BODY = YES;
				CLANG_WARN_ENUM_CONVERSION = YES;
				CLANG_WARN_INFINITE_RECURSION = YES;
				CLANG_WARN_INT_CONVERSION = YES;
				CLANG_WARN_NON_LITERAL_NULL_CONVERSION = YES;
				CLANG_WARN_OBJC_IMPLICIT_RETAIN_SELF = YES;
				CLANG_WARN_OBJC_LITERAL_CONVERSION = YES;
				CLANG_WARN_OBJC_ROOT_CLASS = YES_ERROR;
				CLANG_WARN_QUOTED_INCLUDE_IN_FRAMEWORK_HEADER = YES;
				CLANG_WARN_RANGE_LOOP_ANALYSIS = YES;
				CLANG_WARN_STRICT_PROTOTYPES = YES;
				CLANG_WARN_SUSPICIOUS_MOVE = YES;
				CLANG_WARN_UNGUARDED_AVAILABILITY = YES_AGGRESSIVE;
				CLANG_WARN_UNREACHABLE_CODE = YES;
				CLANG_WARN__DUPLICATE_METHOD_MATCH = YES;
				COPY_PHASE_STRIP = NO;
				DEBUG_INFORMATION_FORMAT = "dwarf-with-dsym";
				ENABLE_NS_ASSERTIONS = NO;
				ENABLE_STRICT_OBJC_MSGSEND = YES;
				GCC_C_LANGUAGE_STANDARD = gnu11;
				GCC_NO_COMMON_BLOCKS = YES;
				GCC_WARN_64_TO_32_BIT_CONVERSION = YES;
				GCC_WARN_ABOUT_RETURN_TYPE = YES_ERROR;
				GCC_WARN_UNDECLARED_SELECTOR = YES;
				GCC_WARN_UNINITIALIZED_AUTOS = YES_AGGRESSIVE;
				GCC_WARN_UNUSED_FUNCTION = YES;
				GCC_WARN_UNUSED_VARIABLE = YES;
				MACOSX_DEPLOYMENT_TARGET = 12.6;
				MTL_ENABLE_DEBUG_INFO = NO;
				MTL_FAST_MATH = YES;
				SDKROOT = macosx;
				SWIFT_COMPILATION_MODE = wholemodule;
				SWIFT_OPTIMIZATION_LEVEL = "-O";
			};
			name = Release;
		};
		1B4A790029AFEDF400F4BA72 /* Debug */ = {
			isa = XCBuildConfiguration;
			buildSettings = {
				ASSETCATALOG_COMPILER_APPICON_NAME = AppIcon;
				ASSETCATALOG_COMPILER_GLOBAL_ACCENT_COLOR_NAME = AccentColor;
				ASSETCATALOG_COMPILER_INCLUDE_ALL_APPICON_ASSETS = YES;
				CODE_SIGN_ENTITLEMENTS = "Seaships Battle/Seaships_Battle.entitlements";
				CODE_SIGN_STYLE = Automatic;
				COMBINE_HIDPI_IMAGES = YES;
				CURRENT_PROJECT_VERSION = 1;
				DEVELOPMENT_TEAM = QWBGS9TABN;
				ENABLE_HARDENED_RUNTIME = YES;
				GENERATE_INFOPLIST_FILE = YES;
				INFOPLIST_KEY_NSHumanReadableCopyright = "";
				INFOPLIST_KEY_NSMainStoryboardFile = Main;
				INFOPLIST_KEY_NSPrincipalClass = NSApplication;
				LD_RUNPATH_SEARCH_PATHS = (
					"$(inherited)",
					"@executable_path/../Frameworks",
				);
				MARKETING_VERSION = 1.0;
				PRODUCT_BUNDLE_IDENTIFIER = "ghhd.Seaships-Battle";
				PRODUCT_NAME = "$(TARGET_NAME)";
				SWIFT_EMIT_LOC_STRINGS = YES;
				SWIFT_VERSION = 5.0;
			};
			name = Debug;
		};
		1B4A790129AFEDF400F4BA72 /* Release */ = {
			isa = XCBuildConfiguration;
			buildSettings = {
				ASSETCATALOG_COMPILER_APPICON_NAME = AppIcon;
				ASSETCATALOG_COMPILER_GLOBAL_ACCENT_COLOR_NAME = AccentColor;
				ASSETCATALOG_COMPILER_INCLUDE_ALL_APPICON_ASSETS = YES;
				CODE_SIGN_ENTITLEMENTS = "Seaships Battle/Seaships_Battle.entitlements";
				CODE_SIGN_STYLE = Automatic;
				COMBINE_HIDPI_IMAGES = YES;
				CURRENT_PROJECT_VERSION = 1;
				DEVELOPMENT_TEAM = QWBGS9TABN;
				ENABLE_HARDENED_RUNTIME = YES;
				GENERATE_INFOPLIST_FILE = YES;
				INFOPLIST_KEY_NSHumanReadableCopyright = "";
				INFOPLIST_KEY_NSMainStoryboardFile = Main;
				INFOPLIST_KEY_NSPrincipalClass = NSApplication;
				LD_RUNPATH_SEARCH_PATHS = (
					"$(inherited)",
					"@executable_path/../Frameworks",
				);
				MARKETING_VERSION = 1.0;
				PRODUCT_BUNDLE_IDENTIFIER = "ghhd.Seaships-Battle";
				PRODUCT_NAME = "$(TARGET_NAME)";
				SWIFT_EMIT_LOC_STRINGS = YES;
				SWIFT_VERSION = 5.0;
			};
			name = Release;
		};
/* End XCBuildConfiguration section */

/* Begin XCConfigurationList section */
		1B4A78EB29AFEDF200F4BA72 /* Build configuration list for PBXProject "Seaships Battle" */ = {
			isa = XCConfigurationList;
			buildConfigurations = (
				1B4A78FD29AFEDF400F4BA72 /* Debug */,
				1B4A78FE29AFEDF400F4BA72 /* Release */,
			);
			defaultConfigurationIsVisible = 0;
			defaultConfigurationName = Release;
		};
		1B4A78FF29AFEDF400F4BA72 /* Build configuration list for PBXNativeTarget "Seaships Battle" */ = {
			isa = XCConfigurationList;
			buildConfigurations = (
				1B4A790029AFEDF400F4BA72 /* Debug */,
				1B4A790129AFEDF400F4BA72 /* Release */,
			);
			defaultConfigurationIsVisible = 0;
			defaultConfigurationName = Release;
		};
/* End XCConfigurationList section */
	};
	rootObject = 1B4A78E829AFEDF200F4BA72 /* Project object */;
}
